
Microsoft Visual Studio Solution File, Format Version 12.00
# Visual Studio 15
VisualStudioVersion = 15.0.27428.2015
MinimumVisualStudioVersion = 10.0.40219.1
Project("{FAE04EC0-301F-11D3-BF4B-00C04F79EFBC}") = "MVCProject.WebClient", "MVCProject.WebClient\MVCProject.WebClient.csproj", "{296FA6A3-8DE5-4B25-AAB9-0036516816D0}"
EndProject
Project("{FAE04EC0-301F-11D3-BF4B-00C04F79EFBC}") = "MVCProject.DAL", "MVCProject.DAL\MVCProject.DAL.csproj", "{F90C2148-CF35-4EBF-9F3F-07C056C1051A}"
EndProject
Project("{FAE04EC0-301F-11D3-BF4B-00C04F79EFBC}") = "MVCProject.BLL", "MVCProject.BLL\MVCProject.BLL.csproj", "{2E279BE3-8E52-4726-8612-2490F9981960}"
EndProject
Global
	GlobalSection(SolutionConfigurationPlatforms) = preSolution
		Debug|Any CPU = Debug|Any CPU
		Release|Any CPU = Release|Any CPU
	EndGlobalSection
	GlobalSection(ProjectConfigurationPlatforms) = postSolution
		{296FA6A3-8DE5-4B25-AAB9-0036516816D0}.Debug|Any CPU.ActiveCfg = Debug|Any CPU
		{296FA6A3-8DE5-4B25-AAB9-0036516816D0}.Debug|Any CPU.Build.0 = Debug|Any CPU
		{296FA6A3-8DE5-4B25-AAB9-0036516816D0}.Release|Any CPU.ActiveCfg = Release|Any CPU
		{296FA6A3-8DE5-4B25-AAB9-0036516816D0}.Release|Any CPU.Build.0 = Release|Any CPU
		{F90C2148-CF35-4EBF-9F3F-07C056C1051A}.Debug|Any CPU.ActiveCfg = Debug|Any CPU
		{F90C2148-CF35-4EBF-9F3F-07C056C1051A}.Debug|Any CPU.Build.0 = Debug|Any CPU
		{F90C2148-CF35-4EBF-9F3F-07C056C1051A}.Release|Any CPU.ActiveCfg = Release|Any CPU
		{F90C2148-CF35-4EBF-9F3F-07C056C1051A}.Release|Any CPU.Build.0 = Release|Any CPU
		{2E279BE3-8E52-4726-8612-2490F9981960}.Debug|Any CPU.ActiveCfg = Debug|Any CPU
		{2E279BE3-8E52-4726-8612-2490F9981960}.Debug|Any CPU.Build.0 = Debug|Any CPU
		{2E279BE3-8E52-4726-8612-2490F9981960}.Release|Any CPU.ActiveCfg = Release|Any CPU
		{2E279BE3-8E52-4726-8612-2490F9981960}.Release|Any CPU.Build.0 = Release|Any CPU
	EndGlobalSection
	GlobalSection(SolutionProperties) = preSolution
		HideSolutionNode = FALSE
	EndGlobalSection
	GlobalSection(ExtensibilityGlobals) = postSolution
		SolutionGuid = {EFA98EC5-6624-48DF-927B-20F8D1FFB0C6}
	EndGlobalSection
EndGlobal
